{
  "nodes": {
    "flake-utils": {
      "locked": {
        "lastModified": 1652776076,
        "narHash": "sha256-gzTw/v1vj4dOVbpBSJX4J0DwUR6LIyXo7/SuuTJp1kM=",
        "owner": "numtide",
        "repo": "flake-utils",
        "rev": "04c1b180862888302ddfb2e3ad9eaa63afc60cf8",
        "type": "github"
      },
      "original": {
        "owner": "numtide",
        "repo": "flake-utils",
        "type": "github"
      }
    },
    "gobin": {
      "inputs": {
        "nixpkgs": [
          "nixpkgs"
        ]
      },
      "locked": {
        "lastModified": 1652111277,
        "narHash": "sha256-jxl+fhzykhPP708r+WMotsg8Bjti9fpRoh4KiwPJ7XM=",
        "owner": "sagikazarmark",
        "repo": "go-bin-flake",
        "rev": "7520b0da6c41e9d698ff5b408688de426c0218ea",
        "type": "github"
      },
      "original": {
        "owner": "sagikazarmark",
        "repo": "go-bin-flake",
        "type": "github"
      }
    },
    "gopkgs": {
      "inputs": {
        "nixpkgs": [
          "nixpkgs"
        ]
      },
      "locked": {
        "lastModified": 1652126672,
        "narHash": "sha256-E0JBbfquGq6MoxArDS9G6UZQ+3633MrsnHqw13oL2i4=",
        "owner": "sagikazarmark",
        "repo": "go-flake",
        "rev": "641fbcb9139533384302f7286063996c1fe44a14",
        "type": "github"
      },
      "original": {
        "owner": "sagikazarmark",
        "repo": "go-flake",
        "type": "github"
      }
    },
    "nixpkgs": {
      "locked": {
        "lastModified": 1653060744,
        "narHash": "sha256-kfRusllRumpt33J1hPV+CeCCylCXEU7e0gn2/cIM7cY=",
        "owner": "NixOS",
        "repo": "nixpkgs",
        "rev": "dfd82985c273aac6eced03625f454b334daae2e8",
        "type": "github"
      },
      "original": {
        "id": "nixpkgs",
        "ref": "nixos-unstable",
        "type": "indirect"
      }
    },
    "root": {
      "inputs": {
        "flake-utils": "flake-utils",
        "gobin": "gobin",
        "gopkgs": "gopkgs",
        "nixpkgs": "nixpkgs"
      }
    }
  },
  "root": "root",
  "version": 7
}
